// !$*UTF8*$!
{
	archiveVersion = 1;
	classes = {
	};
	objectVersion = 46;
	objects = {

/* Begin PBXBuildFile section */
		039E76C519ECD410008F5804 /* MemExceptions.cpp in Sources */ = {isa = PBXBuildFile; fileRef = 039E76C319ECD410008F5804 /* MemExceptions.cpp */; };
		039E76CE19ED7144008F5804 /* TranslationLookAsideBuffer.cpp in Sources */ = {isa = PBXBuildFile; fileRef = 039E76CC19ED7144008F5804 /* TranslationLookAsideBuffer.cpp */; };
		03E7F31A19E99C72009EC5BB /* main.cpp in Sources */ = {isa = PBXBuildFile; fileRef = 03E7F31919E99C72009EC5BB /* main.cpp */; };
		03E7F32219E9A155009EC5BB /* PhysicalMemory.cpp in Sources */ = {isa = PBXBuildFile; fileRef = 03E7F32019E9A155009EC5BB /* PhysicalMemory.cpp */; };
		03E7F32619E9A3A6009EC5BB /* VirtualMemory.cpp in Sources */ = {isa = PBXBuildFile; fileRef = 03E7F32419E9A3A6009EC5BB /* VirtualMemory.cpp */; };
		03E7F32A19E9A78E009EC5BB /* BitMap.cpp in Sources */ = {isa = PBXBuildFile; fileRef = 03E7F32819E9A78E009EC5BB /* BitMap.cpp */; };
/* End PBXBuildFile section */

/* Begin PBXCopyFilesBuildPhase section */
		03E7F31419E99C72009EC5BB /* CopyFiles */ = {
			isa = PBXCopyFilesBuildPhase;
			buildActionMask = 2147483647;
			dstPath = /usr/share/man/man1/;
			dstSubfolderSpec = 0;
			files = (
			);
			runOnlyForDeploymentPostprocessing = 1;
		};
/* End PBXCopyFilesBuildPhase section */

/* Begin PBXFileReference section */
		037F848C19EE8CB400F0A078 /* BufferTests */ = {isa = PBXFileReference; fileEncoding = 4; lastKnownFileType = text; name = BufferTests; path = Logics/tests/BufferTests; sourceTree = "<group>"; };
		039E76C319ECD410008F5804 /* MemExceptions.cpp */ = {isa = PBXFileReference; fileEncoding = 4; lastKnownFileType = sourcecode.cpp.cpp; name = MemExceptions.cpp; path = Logics/exceptions/MemExceptions.cpp; sourceTree = "<group>"; };
		039E76C419ECD410008F5804 /* MemExceptions.h */ = {isa = PBXFileReference; fileEncoding = 4; lastKnownFileType = sourcecode.c.h; name = MemExceptions.h; path = Logics/exceptions/MemExceptions.h; sourceTree = "<group>"; };
		039E76C819ED5811008F5804 /* BitMapTests */ = {isa = PBXFileReference; fileEncoding = 4; lastKnownFileType = text; name = BitMapTests; path = Logics/tests/BitMapTests; sourceTree = "<group>"; };
		039E76CA19ED65F2008F5804 /* PhysicalMemoryTests */ = {isa = PBXFileReference; fileEncoding = 4; lastKnownFileType = text; name = PhysicalMemoryTests; path = Logics/tests/PhysicalMemoryTests; sourceTree = "<group>"; };
		039E76CC19ED7144008F5804 /* TranslationLookAsideBuffer.cpp */ = {isa = PBXFileReference; fileEncoding = 4; lastKnownFileType = sourcecode.cpp.cpp; name = TranslationLookAsideBuffer.cpp; path = Logics/TranslationLookAsideBuffer.cpp; sourceTree = "<group>"; };
		039E76CD19ED7144008F5804 /* TranslationLookAsideBuffer.h */ = {isa = PBXFileReference; fileEncoding = 4; lastKnownFileType = sourcecode.c.h; name = TranslationLookAsideBuffer.h; path = Logics/TranslationLookAsideBuffer.h; sourceTree = "<group>"; };
		03A0218819EE10F700E2C1E8 /* VirtualMemoryTests */ = {isa = PBXFileReference; fileEncoding = 4; lastKnownFileType = text; name = VirtualMemoryTests; path = Logics/tests/VirtualMemoryTests; sourceTree = "<group>"; };
		03A0218B19EE130400E2C1E8 /* sampleInputs */ = {isa = PBXFileReference; fileEncoding = 4; lastKnownFileType = text; name = sampleInputs; path = tests/sampleInputs; sourceTree = "<group>"; };
		03A0218D19EE136E00E2C1E8 /* sampleOutputs */ = {isa = PBXFileReference; fileEncoding = 4; lastKnownFileType = text; name = sampleOutputs; path = tests/sampleOutputs; sourceTree = "<group>"; };
		03E7F31619E99C72009EC5BB /* CS2106_proj_VM */ = {isa = PBXFileReference; explicitFileType = "compiled.mach-o.executable"; includeInIndex = 0; path = CS2106_proj_VM; sourceTree = BUILT_PRODUCTS_DIR; };
		03E7F31919E99C72009EC5BB /* main.cpp */ = {isa = PBXFileReference; lastKnownFileType = sourcecode.cpp.cpp; path = main.cpp; sourceTree = "<group>"; };
		03E7F32019E9A155009EC5BB /* PhysicalMemory.cpp */ = {isa = PBXFileReference; fileEncoding = 4; lastKnownFileType = sourcecode.cpp.cpp; name = PhysicalMemory.cpp; path = Logics/PhysicalMemory.cpp; sourceTree = "<group>"; };
		03E7F32119E9A155009EC5BB /* PhysicalMemory.h */ = {isa = PBXFileReference; fileEncoding = 4; lastKnownFileType = sourcecode.c.h; name = PhysicalMemory.h; path = Logics/PhysicalMemory.h; sourceTree = "<group>"; };
		03E7F32419E9A3A6009EC5BB /* VirtualMemory.cpp */ = {isa = PBXFileReference; fileEncoding = 4; lastKnownFileType = sourcecode.cpp.cpp; name = VirtualMemory.cpp; path = Logics/VirtualMemory.cpp; sourceTree = "<group>"; };
		03E7F32519E9A3A6009EC5BB /* VirtualMemory.h */ = {isa = PBXFileReference; fileEncoding = 4; lastKnownFileType = sourcecode.c.h; name = VirtualMemory.h; path = Logics/VirtualMemory.h; sourceTree = "<group>"; };
		03E7F32719E9A481009EC5BB /* MemArgs.h */ = {isa = PBXFileReference; lastKnownFileType = sourcecode.c.h; name = MemArgs.h; path = Logics/MemArgs.h; sourceTree = "<group>"; };
		03E7F32819E9A78E009EC5BB /* BitMap.cpp */ = {isa = PBXFileReference; fileEncoding = 4; lastKnownFileType = sourcecode.cpp.cpp; name = BitMap.cpp; path = Logics/BitMap.cpp; sourceTree = "<group>"; };
		03E7F32919E9A78E009EC5BB /* BitMap.h */ = {isa = PBXFileReference; fileEncoding = 4; lastKnownFileType = sourcecode.c.h; name = BitMap.h; path = Logics/BitMap.h; sourceTree = "<group>"; };
/* End PBXFileReference section */

/* Begin PBXFrameworksBuildPhase section */
		03E7F31319E99C72009EC5BB /* Frameworks */ = {
			isa = PBXFrameworksBuildPhase;
			buildActionMask = 2147483647;
			files = (
			);
			runOnlyForDeploymentPostprocessing = 0;
		};
/* End PBXFrameworksBuildPhase section */

/* Begin PBXGroup section */
		039E76C219ECD3AF008F5804 /* exceptions */ = {
			isa = PBXGroup;
			children = (
				039E76C319ECD410008F5804 /* MemExceptions.cpp */,
				039E76C419ECD410008F5804 /* MemExceptions.h */,
			);
			name = exceptions;
			sourceTree = "<group>";
		};
		039E76C719ED57EE008F5804 /* tests */ = {
			isa = PBXGroup;
			children = (
				039E76C819ED5811008F5804 /* BitMapTests */,
				039E76CA19ED65F2008F5804 /* PhysicalMemoryTests */,
				03A0218819EE10F700E2C1E8 /* VirtualMemoryTests */,
				037F848C19EE8CB400F0A078 /* BufferTests */,
			);
			name = tests;
			sourceTree = "<group>";
		};
		03A0218A19EE12D700E2C1E8 /* tests */ = {
			isa = PBXGroup;
			children = (
				03A0218B19EE130400E2C1E8 /* sampleInputs */,
				03A0218D19EE136E00E2C1E8 /* sampleOutputs */,
			);
			name = tests;
			sourceTree = "<group>";
		};
		03E7F30D19E99C72009EC5BB = {
			isa = PBXGroup;
			children = (
				03E7F31819E99C72009EC5BB /* CS2106_proj_VM */,
				03E7F31719E99C72009EC5BB /* Products */,
			);
			sourceTree = "<group>";
		};
		03E7F31719E99C72009EC5BB /* Products */ = {
			isa = PBXGroup;
			children = (
				03E7F31619E99C72009EC5BB /* CS2106_proj_VM */,
			);
			name = Products;
			sourceTree = "<group>";
		};
		03E7F31819E99C72009EC5BB /* CS2106_proj_VM */ = {
			isa = PBXGroup;
			children = (
				03A0218A19EE12D700E2C1E8 /* tests */,
				03E7F32319E9A170009EC5BB /* Logics */,
				03E7F31919E99C72009EC5BB /* main.cpp */,
			);
			path = CS2106_proj_VM;
			sourceTree = "<group>";
		};
		03E7F32319E9A170009EC5BB /* Logics */ = {
			isa = PBXGroup;
			children = (
				039E76C719ED57EE008F5804 /* tests */,
				039E76C219ECD3AF008F5804 /* exceptions */,
				03E7F32819E9A78E009EC5BB /* BitMap.cpp */,
				03E7F32919E9A78E009EC5BB /* BitMap.h */,
				03E7F32019E9A155009EC5BB /* PhysicalMemory.cpp */,
				03E7F32119E9A155009EC5BB /* PhysicalMemory.h */,
				03E7F32419E9A3A6009EC5BB /* VirtualMemory.cpp */,
				03E7F32519E9A3A6009EC5BB /* VirtualMemory.h */,
				03E7F32719E9A481009EC5BB /* MemArgs.h */,
				039E76CC19ED7144008F5804 /* TranslationLookAsideBuffer.cpp */,
				039E76CD19ED7144008F5804 /* TranslationLookAsideBuffer.h */,
			);
			name = Logics;
			sourceTree = "<group>";
		};
/* End PBXGroup section */

/* Begin PBXNativeTarget section */
		03E7F31519E99C72009EC5BB /* CS2106_proj_VM */ = {
			isa = PBXNativeTarget;
			buildConfigurationList = 03E7F31D19E99C72009EC5BB /* Build configuration list for PBXNativeTarget "CS2106_proj_VM" */;
			buildPhases = (
				03E7F31219E99C72009EC5BB /* Sources */,
				03E7F31319E99C72009EC5BB /* Frameworks */,
				03E7F31419E99C72009EC5BB /* CopyFiles */,
			);
			buildRules = (
			);
			dependencies = (
			);
			name = CS2106_proj_VM;
			productName = CS2106_proj_VM;
			productReference = 03E7F31619E99C72009EC5BB /* CS2106_proj_VM */;
			productType = "com.apple.product-type.tool";
		};
/* End PBXNativeTarget section */

/* Begin PBXProject section */
		03E7F30E19E99C72009EC5BB /* Project object */ = {
			isa = PBXProject;
			attributes = {
				LastUpgradeCheck = 0600;
				ORGANIZATIONNAME = Zsw;
				TargetAttributes = {
					03E7F31519E99C72009EC5BB = {
						CreatedOnToolsVersion = 6.0.1;
					};
				};
			};
			buildConfigurationList = 03E7F31119E99C72009EC5BB /* Build configuration list for PBXProject "CS2106_proj_VM" */;
			compatibilityVersion = "Xcode 3.2";
			developmentRegion = English;
			hasScannedForEncodings = 0;
			knownRegions = (
				en,
			);
			mainGroup = 03E7F30D19E99C72009EC5BB;
			productRefGroup = 03E7F31719E99C72009EC5BB /* Products */;
			projectDirPath = "";
			projectRoot = "";
			targets = (
				03E7F31519E99C72009EC5BB /* CS2106_proj_VM */,
			);
		};
/* End PBXProject section */

/* Begin PBXSourcesBuildPhase section */
		03E7F31219E99C72009EC5BB /* Sources */ = {
			isa = PBXSourcesBuildPhase;
			buildActionMask = 2147483647;
			files = (
				03E7F32A19E9A78E009EC5BB /* BitMap.cpp in Sources */,
				039E76CE19ED7144008F5804 /* TranslationLookAsideBuffer.cpp in Sources */,
				03E7F31A19E99C72009EC5BB /* main.cpp in Sources */,
				03E7F32619E9A3A6009EC5BB /* VirtualMemory.cpp in Sources */,
				03E7F32219E9A155009EC5BB /* PhysicalMemory.cpp in Sources */,
				039E76C519ECD410008F5804 /* MemExceptions.cpp in Sources */,
			);
			runOnlyForDeploymentPostprocessing = 0;
		};
/* End PBXSourcesBuildPhase section */

/* Begin XCBuildConfiguration section */
		03E7F31B19E99C72009EC5BB /* Debug */ = {
			isa = XCBuildConfiguration;
			buildSettings = {
				ALWAYS_SEARCH_USER_PATHS = NO;
				CLANG_CXX_LANGUAGE_STANDARD = "gnu++0x";
				CLANG_CXX_LIBRARY = "libc++";
				CLANG_ENABLE_MODULES = YES;
				CLANG_ENABLE_OBJC_ARC = YES;
				CLANG_WARN_BOOL_CONVERSION = YES;
				CLANG_WARN_CONSTANT_CONVERSION = YES;
				CLANG_WARN_DIRECT_OBJC_ISA_USAGE = YES_ERROR;
				CLANG_WARN_EMPTY_BODY = YES;
				CLANG_WARN_ENUM_CONVERSION = YES;
				CLANG_WARN_INT_CONVERSION = YES;
				CLANG_WARN_OBJC_ROOT_CLASS = YES_ERROR;
				CLANG_WARN_UNREACHABLE_CODE = YES;
				CLANG_WARN__DUPLICATE_METHOD_MATCH = YES;
				COPY_PHASE_STRIP = NO;
				ENABLE_STRICT_OBJC_MSGSEND = YES;
				GCC_C_LANGUAGE_STANDARD = gnu99;
				GCC_DYNAMIC_NO_PIC = NO;
				GCC_OPTIMIZATION_LEVEL = 0;
				GCC_PREPROCESSOR_DEFINITIONS = (
					"DEBUG=1",
					"$(inherited)",
				);
				GCC_SYMBOLS_PRIVATE_EXTERN = NO;
				GCC_WARN_64_TO_32_BIT_CONVERSION = YES;
				GCC_WARN_ABOUT_RETURN_TYPE = YES_ERROR;
				GCC_WARN_UNDECLARED_SELECTOR = YES;
				GCC_WARN_UNINITIALIZED_AUTOS = YES_AGGRESSIVE;
				GCC_WARN_UNUSED_FUNCTION = YES;
				GCC_WARN_UNUSED_VARIABLE = YES;
				MACOSX_DEPLOYMENT_TARGET = 10.9;
				MTL_ENABLE_DEBUG_INFO = YES;
				ONLY_ACTIVE_ARCH = YES;
				SDKROOT = macosx;
			};
			name = Debug;
		};
		03E7F31C19E99C72009EC5BB /* Release */ = {
			isa = XCBuildConfiguration;
			buildSettings = {
				ALWAYS_SEARCH_USER_PATHS = NO;
				CLANG_CXX_LANGUAGE_STANDARD = "gnu++0x";
				CLANG_CXX_LIBRARY = "libc++";
				CLANG_ENABLE_MODULES = YES;
				CLANG_ENABLE_OBJC_ARC = YES;
				CLANG_WARN_BOOL_CONVERSION = YES;
				CLANG_WARN_CONSTANT_CONVERSION = YES;
				CLANG_WARN_DIRECT_OBJC_ISA_USAGE = YES_ERROR;
				CLANG_WARN_EMPTY_BODY = YES;
				CLANG_WARN_ENUM_CONVERSION = YES;
				CLANG_WARN_INT_CONVERSION = YES;
				CLANG_WARN_OBJC_ROOT_CLASS = YES_ERROR;
				CLANG_WARN_UNREACHABLE_CODE = YES;
				CLANG_WARN__DUPLICATE_METHOD_MATCH = YES;
				COPY_PHASE_STRIP = YES;
				DEBUG_INFORMATION_FORMAT = "dwarf-with-dsym";
				ENABLE_NS_ASSERTIONS = NO;
				ENABLE_STRICT_OBJC_MSGSEND = YES;
				GCC_C_LANGUAGE_STANDARD = gnu99;
				GCC_WARN_64_TO_32_BIT_CONVERSION = YES;
				GCC_WARN_ABOUT_RETURN_TYPE = YES_ERROR;
				GCC_WARN_UNDECLARED_SELECTOR = YES;
				GCC_WARN_UNINITIALIZED_AUTOS = YES_AGGRESSIVE;
				GCC_WARN_UNUSED_FUNCTION = YES;
				GCC_WARN_UNUSED_VARIABLE = YES;
				MACOSX_DEPLOYMENT_TARGET = 10.9;
				MTL_ENABLE_DEBUG_INFO = NO;
				SDKROOT = macosx;
			};
			name = Release;
		};
		03E7F31E19E99C72009EC5BB /* Debug */ = {
			isa = XCBuildConfiguration;
			buildSettings = {
				PRODUCT_NAME = "$(TARGET_NAME)";
			};
			name = Debug;
		};
		03E7F31F19E99C72009EC5BB /* Release */ = {
			isa = XCBuildConfiguration;
			buildSettings = {
				PRODUCT_NAME = "$(TARGET_NAME)";
			};
			name = Release;
		};
/* End XCBuildConfiguration section */

/* Begin XCConfigurationList section */
		03E7F31119E99C72009EC5BB /* Build configuration list for PBXProject "CS2106_proj_VM" */ = {
			isa = XCConfigurationList;
			buildConfigurations = (
				03E7F31B19E99C72009EC5BB /* Debug */,
				03E7F31C19E99C72009EC5BB /* Release */,
			);
			defaultConfigurationIsVisible = 0;
			defaultConfigurationName = Release;
		};
		03E7F31D19E99C72009EC5BB /* Build configuration list for PBXNativeTarget "CS2106_proj_VM" */ = {
			isa = XCConfigurationList;
			buildConfigurations = (
				03E7F31E19E99C72009EC5BB /* Debug */,
				03E7F31F19E99C72009EC5BB /* Release */,
			);
			defaultConfigurationIsVisible = 0;
			defaultConfigurationName = Release;
		};
/* End XCConfigurationList section */
	};
	rootObject = 03E7F30E19E99C72009EC5BB /* Project object */;
}
